// !$*UTF8*$!
{
	archiveVersion = 1;
	classes = {
	};
	objectVersion = 46;
	objects = {

/* Begin PBXBuildFile section */
		02335ACA14134124844288D7 /* SimpleLineIcons.ttf in Resources */ = {isa = PBXBuildFile; fileRef = 4BEE64767A664F2DA6004652 /* SimpleLineIcons.ttf */; };
		0B9E60FD57EA43F69E446410 /* Entypo.ttf in Resources */ = {isa = PBXBuildFile; fileRef = 5858B65E16C9461BBDC458FE /* Entypo.ttf */; };
		13B07FBC1A68108700A75B9A /* AppDelegate.m in Sources */ = {isa = PBXBuildFile; fileRef = 13B07FB01A68108700A75B9A /* AppDelegate.m */; };
		13B07FBD1A68108700A75B9A /* LaunchScreen.xib in Resources */ = {isa = PBXBuildFile; fileRef = 13B07FB11A68108700A75B9A /* LaunchScreen.xib */; };
		13B07FBF1A68108700A75B9A /* Images.xcassets in Resources */ = {isa = PBXBuildFile; fileRef = 13B07FB51A68108700A75B9A /* Images.xcassets */; };
		13B07FC11A68108700A75B9A /* main.m in Sources */ = {isa = PBXBuildFile; fileRef = 13B07FB71A68108700A75B9A /* main.m */; };
		13D3402FD41B4179995D0F62 /* MaterialCommunityIcons.ttf in Resources */ = {isa = PBXBuildFile; fileRef = 8C59969548EA496FAB859813 /* MaterialCommunityIcons.ttf */; };
		25BFC1CD97534314821E85A0 /* FontAwesome.ttf in Resources */ = {isa = PBXBuildFile; fileRef = 05811AE4233D48DEB623CF38 /* FontAwesome.ttf */; };
		2E8C5BEA3A8F4A65B508BC5F /* FontAwesome5_Brands.ttf in Resources */ = {isa = PBXBuildFile; fileRef = 5F23B811C5D14190AB8B1A08 /* FontAwesome5_Brands.ttf */; };
		3A544D85B8594B27B8E07F00 /* Foundation.ttf in Resources */ = {isa = PBXBuildFile; fileRef = 21612D8892E346419E5CD233 /* Foundation.ttf */; };
		4AD74E917EBA4681A26A7BDA /* FontAwesome5_Solid.ttf in Resources */ = {isa = PBXBuildFile; fileRef = 7A75EC452B104DB896A57DFC /* FontAwesome5_Solid.ttf */; };
		53043D7AB722408999C93D36 /* Nunito Regular.ttf in Resources */ = {isa = PBXBuildFile; fileRef = 16C8B2D66F49479A8F46A35E /* Nunito Regular.ttf */; };
		54ECD6F65425480E90530E83 /* Nunito Bold.ttf in Resources */ = {isa = PBXBuildFile; fileRef = 17E922091CF04452961F6183 /* Nunito Bold.ttf */; };
		63A951DA4EF24BE0A3CD7217 /* FontAwesome5_Regular.ttf in Resources */ = {isa = PBXBuildFile; fileRef = E32D505313A948F59FD83379 /* FontAwesome5_Regular.ttf */; };
		669DCB6111C64CBA9F78F545 /* Nunito Light.ttf in Resources */ = {isa = PBXBuildFile; fileRef = 2E1363128C544B7491987BDC /* Nunito Light.ttf */; };
		6EEA759DB7B0479A840BBBCA /* Octicons.ttf in Resources */ = {isa = PBXBuildFile; fileRef = 467E72DEA7AA424FB3CAA413 /* Octicons.ttf */; };
		6EEE7E7CD7CC45ACAF81613D /* Ionicons.ttf in Resources */ = {isa = PBXBuildFile; fileRef = 835A74D9F4E64908BD1500CD /* Ionicons.ttf */; };
		6F9E6E9E3E1947FF8881E4A2 /* Feather.ttf in Resources */ = {isa = PBXBuildFile; fileRef = 5A8DD1397D97465AB3EA0921 /* Feather.ttf */; };
		87AE70130949425ACA7D51EC /* Pods_hcl.framework in Frameworks */ = {isa = PBXBuildFile; fileRef = 7DD006AC830B2C75E9F6F73B /* Pods_hcl.framework */; };
		8AD8056B3D9C42F1A8EF750E /* Nunito SemiBold.ttf in Resources */ = {isa = PBXBuildFile; fileRef = D389D0A77A3A41D8B701FCCB /* Nunito SemiBold.ttf */; };
		9C57C91070224505AB840331 /* Nunito Black.ttf in Resources */ = {isa = PBXBuildFile; fileRef = A7023B410A794387B8D65E47 /* Nunito Black.ttf */; };
		C048342B980D4350AB0C7394 /* Zocial.ttf in Resources */ = {isa = PBXBuildFile; fileRef = CC9369037EAB488DABDC9AA2 /* Zocial.ttf */; };
		C187FD5727A0449B80394BB8 /* EvilIcons.ttf in Resources */ = {isa = PBXBuildFile; fileRef = A75DF5913AC64D349D3BD854 /* EvilIcons.ttf */; };
		C9F56C25F026461FB1829936 /* Nunito Italic.ttf in Resources */ = {isa = PBXBuildFile; fileRef = E19DD713DE4C4728B705727B /* Nunito Italic.ttf */; };
		CB544478CC22416FB317166C /* MaterialIcons.ttf in Resources */ = {isa = PBXBuildFile; fileRef = FC497E2B050447B0B2EA2D93 /* MaterialIcons.ttf */; };
		E85A0CF9434046EA9AE345B1 /* AntDesign.ttf in Resources */ = {isa = PBXBuildFile; fileRef = 32A9A83A21F346DDB364CAAC /* AntDesign.ttf */; };
		F98480764F98485AA1366885 /* Fontisto.ttf in Resources */ = {isa = PBXBuildFile; fileRef = 4C7371F1163F47E1828642B5 /* Fontisto.ttf */; };
/* End PBXBuildFile section */

/* Begin PBXCopyFilesBuildPhase section */
		627245142419643800B88068 /* Embed App Extensions */ = {
			isa = PBXCopyFilesBuildPhase;
			buildActionMask = 2147483647;
			dstPath = "";
			dstSubfolderSpec = 13;
			files = (
			);
			name = "Embed App Extensions";
			runOnlyForDeploymentPostprocessing = 0;
		};
/* End PBXCopyFilesBuildPhase section */

/* Begin PBXFileReference section */
		008F07F21AC5B25A0029DE68 /* main.jsbundle */ = {isa = PBXFileReference; fileEncoding = 4; lastKnownFileType = text; path = main.jsbundle; sourceTree = "<group>"; };
		00E356F11AD99517003FC87E /* Info.plist */ = {isa = PBXFileReference; lastKnownFileType = text.plist.xml; path = Info.plist; sourceTree = "<group>"; };
		00E356F21AD99517003FC87E /* hclAPPTests.m */ = {isa = PBXFileReference; lastKnownFileType = sourcecode.c.objc; path = hclAPPTests.m; sourceTree = "<group>"; };
		05811AE4233D48DEB623CF38 /* FontAwesome.ttf */ = {isa = PBXFileReference; explicitFileType = undefined; fileEncoding = 9; includeInIndex = 0; lastKnownFileType = unknown; name = FontAwesome.ttf; path = "../node_modules/react-native-vector-icons/Fonts/FontAwesome.ttf"; sourceTree = "<group>"; };
		13B07F961A680F5B00A75B9A /* HCL.app */ = {isa = PBXFileReference; explicitFileType = wrapper.application; includeInIndex = 0; path = HCL.app; sourceTree = BUILT_PRODUCTS_DIR; };
		13B07FAF1A68108700A75B9A /* AppDelegate.h */ = {isa = PBXFileReference; fileEncoding = 4; lastKnownFileType = sourcecode.c.h; name = AppDelegate.h; path = hclAPP/AppDelegate.h; sourceTree = "<group>"; };
		13B07FB01A68108700A75B9A /* AppDelegate.m */ = {isa = PBXFileReference; fileEncoding = 4; lastKnownFileType = sourcecode.c.objc; name = AppDelegate.m; path = hclAPP/AppDelegate.m; sourceTree = "<group>"; };
		13B07FB21A68108700A75B9A /* Base */ = {isa = PBXFileReference; lastKnownFileType = file.xib; name = Base; path = Base.lproj/LaunchScreen.xib; sourceTree = "<group>"; };
		13B07FB51A68108700A75B9A /* Images.xcassets */ = {isa = PBXFileReference; lastKnownFileType = folder.assetcatalog; name = Images.xcassets; path = hclAPP/Images.xcassets; sourceTree = "<group>"; };
		13B07FB61A68108700A75B9A /* Info.plist */ = {isa = PBXFileReference; fileEncoding = 4; lastKnownFileType = text.plist.xml; name = Info.plist; path = hclAPP/Info.plist; sourceTree = "<group>"; };
		13B07FB71A68108700A75B9A /* main.m */ = {isa = PBXFileReference; fileEncoding = 4; lastKnownFileType = sourcecode.c.objc; name = main.m; path = hclAPP/main.m; sourceTree = "<group>"; };
		16C8B2D66F49479A8F46A35E /* Nunito Regular.ttf */ = {isa = PBXFileReference; explicitFileType = undefined; fileEncoding = 9; includeInIndex = 0; lastKnownFileType = unknown; name = "Nunito Regular.ttf"; path = "../src/assets/fonts/Nunito Regular.ttf"; sourceTree = "<group>"; };
		17E922091CF04452961F6183 /* Nunito Bold.ttf */ = {isa = PBXFileReference; explicitFileType = undefined; fileEncoding = 9; includeInIndex = 0; lastKnownFileType = unknown; name = "Nunito Bold.ttf"; path = "../src/assets/fonts/Nunito Bold.ttf"; sourceTree = "<group>"; };
		1CD93F94EEB2BCEC15B5B99C /* libPods-hclAPPTests.a */ = {isa = PBXFileReference; explicitFileType = archive.ar; includeInIndex = 0; path = "libPods-hclAPPTests.a"; sourceTree = BUILT_PRODUCTS_DIR; };
		21612D8892E346419E5CD233 /* Foundation.ttf */ = {isa = PBXFileReference; explicitFileType = undefined; fileEncoding = 9; includeInIndex = 0; lastKnownFileType = unknown; name = Foundation.ttf; path = "../node_modules/react-native-vector-icons/Fonts/Foundation.ttf"; sourceTree = "<group>"; };
		2A067DA021C69406294DC1C2 /* Pods-hclAPP.release.xcconfig */ = {isa = PBXFileReference; includeInIndex = 1; lastKnownFileType = text.xcconfig; name = "Pods-hclAPP.release.xcconfig"; path = "Target Support Files/Pods-hclAPP/Pods-hclAPP.release.xcconfig"; sourceTree = "<group>"; };
		2AF0C278E71D5AF6F49D4BCB /* Pods-hclAPPTests.debug.xcconfig */ = {isa = PBXFileReference; includeInIndex = 1; lastKnownFileType = text.xcconfig; name = "Pods-hclAPPTests.debug.xcconfig"; path = "Target Support Files/Pods-hclAPPTests/Pods-hclAPPTests.debug.xcconfig"; sourceTree = "<group>"; };
		2E1363128C544B7491987BDC /* Nunito Light.ttf */ = {isa = PBXFileReference; explicitFileType = undefined; fileEncoding = 9; includeInIndex = 0; lastKnownFileType = unknown; name = "Nunito Light.ttf"; path = "../src/assets/fonts/Nunito Light.ttf"; sourceTree = "<group>"; };
		32A9A83A21F346DDB364CAAC /* AntDesign.ttf */ = {isa = PBXFileReference; explicitFileType = undefined; fileEncoding = 9; includeInIndex = 0; lastKnownFileType = unknown; name = AntDesign.ttf; path = "../node_modules/react-native-vector-icons/Fonts/AntDesign.ttf"; sourceTree = "<group>"; };
		467E72DEA7AA424FB3CAA413 /* Octicons.ttf */ = {isa = PBXFileReference; explicitFileType = undefined; fileEncoding = 9; includeInIndex = 0; lastKnownFileType = unknown; name = Octicons.ttf; path = "../node_modules/react-native-vector-icons/Fonts/Octicons.ttf"; sourceTree = "<group>"; };
		4BEE64767A664F2DA6004652 /* SimpleLineIcons.ttf */ = {isa = PBXFileReference; explicitFileType = undefined; fileEncoding = 9; includeInIndex = 0; lastKnownFileType = unknown; name = SimpleLineIcons.ttf; path = "../node_modules/react-native-vector-icons/Fonts/SimpleLineIcons.ttf"; sourceTree = "<group>"; };
		4C7371F1163F47E1828642B5 /* Fontisto.ttf */ = {isa = PBXFileReference; explicitFileType = undefined; fileEncoding = 9; includeInIndex = 0; lastKnownFileType = unknown; name = Fontisto.ttf; path = "../node_modules/react-native-vector-icons/Fonts/Fontisto.ttf"; sourceTree = "<group>"; };
		4CB4054B546F0A400C2277C8 /* Pods-hcl.release.xcconfig */ = {isa = PBXFileReference; includeInIndex = 1; lastKnownFileType = text.xcconfig; name = "Pods-hcl.release.xcconfig"; path = "Target Support Files/Pods-hcl/Pods-hcl.release.xcconfig"; sourceTree = "<group>"; };
		52CB6651C0AACCABF1B271A4 /* libPods-hclAPP-tvOSTests.a */ = {isa = PBXFileReference; explicitFileType = archive.ar; includeInIndex = 0; path = "libPods-hclAPP-tvOSTests.a"; sourceTree = BUILT_PRODUCTS_DIR; };
		57BD1704940977C58B2C1BF7 /* Pods-hclAPP.debug.xcconfig */ = {isa = PBXFileReference; includeInIndex = 1; lastKnownFileType = text.xcconfig; name = "Pods-hclAPP.debug.xcconfig"; path = "Target Support Files/Pods-hclAPP/Pods-hclAPP.debug.xcconfig"; sourceTree = "<group>"; };
		5858B65E16C9461BBDC458FE /* Entypo.ttf */ = {isa = PBXFileReference; explicitFileType = undefined; fileEncoding = 9; includeInIndex = 0; lastKnownFileType = unknown; name = Entypo.ttf; path = "../node_modules/react-native-vector-icons/Fonts/Entypo.ttf"; sourceTree = "<group>"; };
		5A8DD1397D97465AB3EA0921 /* Feather.ttf */ = {isa = PBXFileReference; explicitFileType = undefined; fileEncoding = 9; includeInIndex = 0; lastKnownFileType = unknown; name = Feather.ttf; path = "../node_modules/react-native-vector-icons/Fonts/Feather.ttf"; sourceTree = "<group>"; };
		5F23B811C5D14190AB8B1A08 /* FontAwesome5_Brands.ttf */ = {isa = PBXFileReference; explicitFileType = undefined; fileEncoding = 9; includeInIndex = 0; lastKnownFileType = unknown; name = FontAwesome5_Brands.ttf; path = "../node_modules/react-native-vector-icons/Fonts/FontAwesome5_Brands.ttf"; sourceTree = "<group>"; };
		62724503241963C200B88068 /* HCL.entitlements */ = {isa = PBXFileReference; lastKnownFileType = text.plist.entitlements; path = HCL.entitlements; sourceTree = "<group>"; };
		6272450A2419643800B88068 /* NotificationService.h */ = {isa = PBXFileReference; lastKnownFileType = sourcecode.c.h; path = NotificationService.h; sourceTree = "<group>"; };
		6272450B2419643800B88068 /* NotificationService.m */ = {isa = PBXFileReference; lastKnownFileType = sourcecode.c.objc; path = NotificationService.m; sourceTree = "<group>"; };
		6272450D2419643800B88068 /* Info.plist */ = {isa = PBXFileReference; lastKnownFileType = text.plist.xml; path = Info.plist; sourceTree = "<group>"; };
		7A75EC452B104DB896A57DFC /* FontAwesome5_Solid.ttf */ = {isa = PBXFileReference; explicitFileType = undefined; fileEncoding = 9; includeInIndex = 0; lastKnownFileType = unknown; name = FontAwesome5_Solid.ttf; path = "../node_modules/react-native-vector-icons/Fonts/FontAwesome5_Solid.ttf"; sourceTree = "<group>"; };
		7DD006AC830B2C75E9F6F73B /* Pods_hcl.framework */ = {isa = PBXFileReference; explicitFileType = wrapper.framework; includeInIndex = 0; path = Pods_hcl.framework; sourceTree = BUILT_PRODUCTS_DIR; };
		835A74D9F4E64908BD1500CD /* Ionicons.ttf */ = {isa = PBXFileReference; explicitFileType = undefined; fileEncoding = 9; includeInIndex = 0; lastKnownFileType = unknown; name = Ionicons.ttf; path = "../node_modules/react-native-vector-icons/Fonts/Ionicons.ttf"; sourceTree = "<group>"; };
		8777B52C5CFC0A826556183E /* Pods-hcl.debug.xcconfig */ = {isa = PBXFileReference; includeInIndex = 1; lastKnownFileType = text.xcconfig; name = "Pods-hcl.debug.xcconfig"; path = "Target Support Files/Pods-hcl/Pods-hcl.debug.xcconfig"; sourceTree = "<group>"; };
		8BDFEC800548F07998101E0B /* Pods-hclAPP-tvOSTests.debug.xcconfig */ = {isa = PBXFileReference; includeInIndex = 1; lastKnownFileType = text.xcconfig; name = "Pods-hclAPP-tvOSTests.debug.xcconfig"; path = "Target Support Files/Pods-hclAPP-tvOSTests/Pods-hclAPP-tvOSTests.debug.xcconfig"; sourceTree = "<group>"; };
		8C59969548EA496FAB859813 /* MaterialCommunityIcons.ttf */ = {isa = PBXFileReference; explicitFileType = undefined; fileEncoding = 9; includeInIndex = 0; lastKnownFileType = unknown; name = MaterialCommunityIcons.ttf; path = "../node_modules/react-native-vector-icons/Fonts/MaterialCommunityIcons.ttf"; sourceTree = "<group>"; };
		A7023B410A794387B8D65E47 /* Nunito Black.ttf */ = {isa = PBXFileReference; explicitFileType = undefined; fileEncoding = 9; includeInIndex = 0; lastKnownFileType = unknown; name = "Nunito Black.ttf"; path = "../src/assets/fonts/Nunito Black.ttf"; sourceTree = "<group>"; };
		A75DF5913AC64D349D3BD854 /* EvilIcons.ttf */ = {isa = PBXFileReference; explicitFileType = undefined; fileEncoding = 9; includeInIndex = 0; lastKnownFileType = unknown; name = EvilIcons.ttf; path = "../node_modules/react-native-vector-icons/Fonts/EvilIcons.ttf"; sourceTree = "<group>"; };
		BE0D3E7941B8148F442FD2E2 /* Pods-hclAPP-tvOS.debug.xcconfig */ = {isa = PBXFileReference; includeInIndex = 1; lastKnownFileType = text.xcconfig; name = "Pods-hclAPP-tvOS.debug.xcconfig"; path = "Target Support Files/Pods-hclAPP-tvOS/Pods-hclAPP-tvOS.debug.xcconfig"; sourceTree = "<group>"; };
		C0D3B0CFFB8D327282B493C3 /* libPods-hclAPP-tvOS.a */ = {isa = PBXFileReference; explicitFileType = archive.ar; includeInIndex = 0; path = "libPods-hclAPP-tvOS.a"; sourceTree = BUILT_PRODUCTS_DIR; };
		CC9369037EAB488DABDC9AA2 /* Zocial.ttf */ = {isa = PBXFileReference; explicitFileType = undefined; fileEncoding = 9; includeInIndex = 0; lastKnownFileType = unknown; name = Zocial.ttf; path = "../node_modules/react-native-vector-icons/Fonts/Zocial.ttf"; sourceTree = "<group>"; };
		D389D0A77A3A41D8B701FCCB /* Nunito SemiBold.ttf */ = {isa = PBXFileReference; explicitFileType = undefined; fileEncoding = 9; includeInIndex = 0; lastKnownFileType = unknown; name = "Nunito SemiBold.ttf"; path = "../src/assets/fonts/Nunito SemiBold.ttf"; sourceTree = "<group>"; };
		D3EC8E20C342B420F01CD9AE /* Pods-hclAPP-tvOS.release.xcconfig */ = {isa = PBXFileReference; includeInIndex = 1; lastKnownFileType = text.xcconfig; name = "Pods-hclAPP-tvOS.release.xcconfig"; path = "Target Support Files/Pods-hclAPP-tvOS/Pods-hclAPP-tvOS.release.xcconfig"; sourceTree = "<group>"; };
		D5D8F292537060BAC4446C1D /* Pods-hclAPP-tvOSTests.release.xcconfig */ = {isa = PBXFileReference; includeInIndex = 1; lastKnownFileType = text.xcconfig; name = "Pods-hclAPP-tvOSTests.release.xcconfig"; path = "Target Support Files/Pods-hclAPP-tvOSTests/Pods-hclAPP-tvOSTests.release.xcconfig"; sourceTree = "<group>"; };
		E19DD713DE4C4728B705727B /* Nunito Italic.ttf */ = {isa = PBXFileReference; explicitFileType = undefined; fileEncoding = 9; includeInIndex = 0; lastKnownFileType = unknown; name = "Nunito Italic.ttf"; path = "../src/assets/fonts/Nunito Italic.ttf"; sourceTree = "<group>"; };
		E32D505313A948F59FD83379 /* FontAwesome5_Regular.ttf */ = {isa = PBXFileReference; explicitFileType = undefined; fileEncoding = 9; includeInIndex = 0; lastKnownFileType = unknown; name = FontAwesome5_Regular.ttf; path = "../node_modules/react-native-vector-icons/Fonts/FontAwesome5_Regular.ttf"; sourceTree = "<group>"; };
		ED297162215061F000B7C4FE /* JavaScriptCore.framework */ = {isa = PBXFileReference; lastKnownFileType = wrapper.framework; name = JavaScriptCore.framework; path = System/Library/Frameworks/JavaScriptCore.framework; sourceTree = SDKROOT; };
		ED2971642150620600B7C4FE /* JavaScriptCore.framework */ = {isa = PBXFileReference; lastKnownFileType = wrapper.framework; name = JavaScriptCore.framework; path = Platforms/AppleTVOS.platform/Developer/SDKs/AppleTVOS12.0.sdk/System/Library/Frameworks/JavaScriptCore.framework; sourceTree = DEVELOPER_DIR; };
		EF0A21E30616E6E92C7BF673 /* Pods-hclAPPTests.release.xcconfig */ = {isa = PBXFileReference; includeInIndex = 1; lastKnownFileType = text.xcconfig; name = "Pods-hclAPPTests.release.xcconfig"; path = "Target Support Files/Pods-hclAPPTests/Pods-hclAPPTests.release.xcconfig"; sourceTree = "<group>"; };
		FC497E2B050447B0B2EA2D93 /* MaterialIcons.ttf */ = {isa = PBXFileReference; explicitFileType = undefined; fileEncoding = 9; includeInIndex = 0; lastKnownFileType = unknown; name = MaterialIcons.ttf; path = "../node_modules/react-native-vector-icons/Fonts/MaterialIcons.ttf"; sourceTree = "<group>"; };
/* End PBXFileReference section */

/* Begin PBXFrameworksBuildPhase section */
		13B07F8C1A680F5B00A75B9A /* Frameworks */ = {
			isa = PBXFrameworksBuildPhase;
			buildActionMask = 2147483647;
			files = (
				87AE70130949425ACA7D51EC /* Pods_hcl.framework in Frameworks */,
			);
			runOnlyForDeploymentPostprocessing = 0;
		};
/* End PBXFrameworksBuildPhase section */

/* Begin PBXGroup section */
		00E356EF1AD99517003FC87E /* hclAPPTests */ = {
			isa = PBXGroup;
			children = (
				00E356F21AD99517003FC87E /* hclAPPTests.m */,
				00E356F01AD99517003FC87E /* Supporting Files */,
			);
			path = hclAPPTests;
			sourceTree = "<group>";
		};
		00E356F01AD99517003FC87E /* Supporting Files */ = {
			isa = PBXGroup;
			children = (
				00E356F11AD99517003FC87E /* Info.plist */,
			);
			name = "Supporting Files";
			sourceTree = "<group>";
		};
		13B07FAE1A68108700A75B9A /* hclAPP */ = {
			isa = PBXGroup;
			children = (
				008F07F21AC5B25A0029DE68 /* main.jsbundle */,
				13B07FAF1A68108700A75B9A /* AppDelegate.h */,
				13B07FB01A68108700A75B9A /* AppDelegate.m */,
				13B07FB51A68108700A75B9A /* Images.xcassets */,
				13B07FB61A68108700A75B9A /* Info.plist */,
				13B07FB11A68108700A75B9A /* LaunchScreen.xib */,
				13B07FB71A68108700A75B9A /* main.m */,
			);
			name = hclAPP;
			sourceTree = "<group>";
		};
		2D16E6871FA4F8E400B85C8A /* Frameworks */ = {
			isa = PBXGroup;
			children = (
				ED297162215061F000B7C4FE /* JavaScriptCore.framework */,
				ED2971642150620600B7C4FE /* JavaScriptCore.framework */,
				C0D3B0CFFB8D327282B493C3 /* libPods-hclAPP-tvOS.a */,
				52CB6651C0AACCABF1B271A4 /* libPods-hclAPP-tvOSTests.a */,
				1CD93F94EEB2BCEC15B5B99C /* libPods-hclAPPTests.a */,
				7DD006AC830B2C75E9F6F73B /* Pods_hcl.framework */,
			);
			name = Frameworks;
			sourceTree = "<group>";
		};
		627245092419643800B88068 /* OneSignalNotificationServiceExtension */ = {
			isa = PBXGroup;
			children = (
				6272450A2419643800B88068 /* NotificationService.h */,
				6272450B2419643800B88068 /* NotificationService.m */,
				6272450D2419643800B88068 /* Info.plist */,
			);
			path = OneSignalNotificationServiceExtension;
			sourceTree = "<group>";
		};
		81807BAD23B9940D431595C4 /* Pods */ = {
			isa = PBXGroup;
			children = (
				57BD1704940977C58B2C1BF7 /* Pods-hclAPP.debug.xcconfig */,
				2A067DA021C69406294DC1C2 /* Pods-hclAPP.release.xcconfig */,
				BE0D3E7941B8148F442FD2E2 /* Pods-hclAPP-tvOS.debug.xcconfig */,
				D3EC8E20C342B420F01CD9AE /* Pods-hclAPP-tvOS.release.xcconfig */,
				8BDFEC800548F07998101E0B /* Pods-hclAPP-tvOSTests.debug.xcconfig */,
				D5D8F292537060BAC4446C1D /* Pods-hclAPP-tvOSTests.release.xcconfig */,
				2AF0C278E71D5AF6F49D4BCB /* Pods-hclAPPTests.debug.xcconfig */,
				EF0A21E30616E6E92C7BF673 /* Pods-hclAPPTests.release.xcconfig */,
				8777B52C5CFC0A826556183E /* Pods-hcl.debug.xcconfig */,
				4CB4054B546F0A400C2277C8 /* Pods-hcl.release.xcconfig */,
			);
			path = Pods;
			sourceTree = "<group>";
		};
		832341AE1AAA6A7D00B99B32 /* Libraries */ = {
			isa = PBXGroup;
			children = (
			);
			name = Libraries;
			sourceTree = "<group>";
		};
		83CBB9F61A601CBA00E9B192 = {
			isa = PBXGroup;
			children = (
				62724503241963C200B88068 /* HCL.entitlements */,
				13B07FAE1A68108700A75B9A /* hclAPP */,
				832341AE1AAA6A7D00B99B32 /* Libraries */,
				00E356EF1AD99517003FC87E /* hclAPPTests */,
				627245092419643800B88068 /* OneSignalNotificationServiceExtension */,
				83CBBA001A601CBA00E9B192 /* Products */,
				2D16E6871FA4F8E400B85C8A /* Frameworks */,
				FBD514E7C9274633B86EADD4 /* Resources */,
				81807BAD23B9940D431595C4 /* Pods */,
			);
			indentWidth = 2;
			sourceTree = "<group>";
			tabWidth = 2;
			usesTabs = 0;
		};
		83CBBA001A601CBA00E9B192 /* Products */ = {
			isa = PBXGroup;
			children = (
				13B07F961A680F5B00A75B9A /* HCL.app */,
			);
			name = Products;
			sourceTree = "<group>";
		};
		FBD514E7C9274633B86EADD4 /* Resources */ = {
			isa = PBXGroup;
			children = (
				A7023B410A794387B8D65E47 /* Nunito Black.ttf */,
				17E922091CF04452961F6183 /* Nunito Bold.ttf */,
				E19DD713DE4C4728B705727B /* Nunito Italic.ttf */,
				2E1363128C544B7491987BDC /* Nunito Light.ttf */,
				16C8B2D66F49479A8F46A35E /* Nunito Regular.ttf */,
				D389D0A77A3A41D8B701FCCB /* Nunito SemiBold.ttf */,
				32A9A83A21F346DDB364CAAC /* AntDesign.ttf */,
				5858B65E16C9461BBDC458FE /* Entypo.ttf */,
				A75DF5913AC64D349D3BD854 /* EvilIcons.ttf */,
				5A8DD1397D97465AB3EA0921 /* Feather.ttf */,
				05811AE4233D48DEB623CF38 /* FontAwesome.ttf */,
				5F23B811C5D14190AB8B1A08 /* FontAwesome5_Brands.ttf */,
				E32D505313A948F59FD83379 /* FontAwesome5_Regular.ttf */,
				7A75EC452B104DB896A57DFC /* FontAwesome5_Solid.ttf */,
				4C7371F1163F47E1828642B5 /* Fontisto.ttf */,
				21612D8892E346419E5CD233 /* Foundation.ttf */,
				835A74D9F4E64908BD1500CD /* Ionicons.ttf */,
				8C59969548EA496FAB859813 /* MaterialCommunityIcons.ttf */,
				FC497E2B050447B0B2EA2D93 /* MaterialIcons.ttf */,
				467E72DEA7AA424FB3CAA413 /* Octicons.ttf */,
				4BEE64767A664F2DA6004652 /* SimpleLineIcons.ttf */,
				CC9369037EAB488DABDC9AA2 /* Zocial.ttf */,
			);
			name = Resources;
			sourceTree = "<group>";
		};
/* End PBXGroup section */

/* Begin PBXNativeTarget section */
		13B07F861A680F5B00A75B9A /* hcl */ = {
			isa = PBXNativeTarget;
			buildConfigurationList = 13B07F931A680F5B00A75B9A /* Build configuration list for PBXNativeTarget "hcl" */;
			buildPhases = (
				12991A065098A5B4144E537E /* [CP] Check Pods Manifest.lock */,
				FD10A7F022414F080027D42C /* Start Packager */,
				13B07F871A680F5B00A75B9A /* Sources */,
				13B07F8C1A680F5B00A75B9A /* Frameworks */,
				13B07F8E1A680F5B00A75B9A /* Resources */,
				00DD1BFF1BD5951E006B06BC /* Bundle React Native code and images */,
				B3902DFAEE368CA76F1A5C38 /* [CP] Embed Pods Frameworks */,
				627245142419643800B88068 /* Embed App Extensions */,
			);
			buildRules = (
			);
			dependencies = (
			);
			name = hcl;
			productName = hclAPP;
			productReference = 13B07F961A680F5B00A75B9A /* HCL.app */;
			productType = "com.apple.product-type.application";
		};
/* End PBXNativeTarget section */

/* Begin PBXProject section */
		83CBB9F71A601CBA00E9B192 /* Project object */ = {
			isa = PBXProject;
			attributes = {
				LastUpgradeCheck = 1130;
				ORGANIZATIONNAME = "MSB Tecnlogia";
				TargetAttributes = {
					13B07F861A680F5B00A75B9A = {
						DevelopmentTeam = X6KGXTF6DB;
					};
				};
			};
			buildConfigurationList = 83CBB9FA1A601CBA00E9B192 /* Build configuration list for PBXProject "hcl" */;
			compatibilityVersion = "Xcode 3.2";
			developmentRegion = en;
			hasScannedForEncodings = 0;
			knownRegions = (
				en,
				Base,
			);
			mainGroup = 83CBB9F61A601CBA00E9B192;
			productRefGroup = 83CBBA001A601CBA00E9B192 /* Products */;
			projectDirPath = "";
			projectRoot = "";
			targets = (
				13B07F861A680F5B00A75B9A /* hcl */,
			);
		};
/* End PBXProject section */

/* Begin PBXResourcesBuildPhase section */
		13B07F8E1A680F5B00A75B9A /* Resources */ = {
			isa = PBXResourcesBuildPhase;
			buildActionMask = 2147483647;
			files = (
				13B07FBF1A68108700A75B9A /* Images.xcassets in Resources */,
				13B07FBD1A68108700A75B9A /* LaunchScreen.xib in Resources */,
				9C57C91070224505AB840331 /* Nunito Black.ttf in Resources */,
				54ECD6F65425480E90530E83 /* Nunito Bold.ttf in Resources */,
				C9F56C25F026461FB1829936 /* Nunito Italic.ttf in Resources */,
				669DCB6111C64CBA9F78F545 /* Nunito Light.ttf in Resources */,
				53043D7AB722408999C93D36 /* Nunito Regular.ttf in Resources */,
				8AD8056B3D9C42F1A8EF750E /* Nunito SemiBold.ttf in Resources */,
				E85A0CF9434046EA9AE345B1 /* AntDesign.ttf in Resources */,
				0B9E60FD57EA43F69E446410 /* Entypo.ttf in Resources */,
				C187FD5727A0449B80394BB8 /* EvilIcons.ttf in Resources */,
				6F9E6E9E3E1947FF8881E4A2 /* Feather.ttf in Resources */,
				25BFC1CD97534314821E85A0 /* FontAwesome.ttf in Resources */,
				2E8C5BEA3A8F4A65B508BC5F /* FontAwesome5_Brands.ttf in Resources */,
				63A951DA4EF24BE0A3CD7217 /* FontAwesome5_Regular.ttf in Resources */,
				4AD74E917EBA4681A26A7BDA /* FontAwesome5_Solid.ttf in Resources */,
				F98480764F98485AA1366885 /* Fontisto.ttf in Resources */,
				3A544D85B8594B27B8E07F00 /* Foundation.ttf in Resources */,
				6EEE7E7CD7CC45ACAF81613D /* Ionicons.ttf in Resources */,
				13D3402FD41B4179995D0F62 /* MaterialCommunityIcons.ttf in Resources */,
				CB544478CC22416FB317166C /* MaterialIcons.ttf in Resources */,
				6EEA759DB7B0479A840BBBCA /* Octicons.ttf in Resources */,
				02335ACA14134124844288D7 /* SimpleLineIcons.ttf in Resources */,
				C048342B980D4350AB0C7394 /* Zocial.ttf in Resources */,
			);
			runOnlyForDeploymentPostprocessing = 0;
		};
/* End PBXResourcesBuildPhase section */

/* Begin PBXShellScriptBuildPhase section */
		00DD1BFF1BD5951E006B06BC /* Bundle React Native code and images */ = {
			isa = PBXShellScriptBuildPhase;
			buildActionMask = 2147483647;
			files = (
			);
			inputPaths = (
			);
			name = "Bundle React Native code and images";
			outputPaths = (
			);
			runOnlyForDeploymentPostprocessing = 0;
			shellPath = /bin/sh;
			shellScript = "export NODE_BINARY=node\n../node_modules/react-native/scripts/react-native-xcode.sh";
		};
		12991A065098A5B4144E537E /* [CP] Check Pods Manifest.lock */ = {
			isa = PBXShellScriptBuildPhase;
			buildActionMask = 2147483647;
			files = (
			);
			inputFileListPaths = (
			);
			inputPaths = (
				"${PODS_PODFILE_DIR_PATH}/Podfile.lock",
				"${PODS_ROOT}/Manifest.lock",
			);
			name = "[CP] Check Pods Manifest.lock";
			outputFileListPaths = (
			);
			outputPaths = (
				"$(DERIVED_FILE_DIR)/Pods-hcl-checkManifestLockResult.txt",
			);
			runOnlyForDeploymentPostprocessing = 0;
			shellPath = /bin/sh;
			shellScript = "diff \"${PODS_PODFILE_DIR_PATH}/Podfile.lock\" \"${PODS_ROOT}/Manifest.lock\" > /dev/null\nif [ $? != 0 ] ; then\n    # print error to STDERR\n    echo \"error: The sandbox is not in sync with the Podfile.lock. Run 'pod install' or update your CocoaPods installation.\" >&2\n    exit 1\nfi\n# This output is used by Xcode 'outputs' to avoid re-running this script phase.\necho \"SUCCESS\" > \"${SCRIPT_OUTPUT_FILE_0}\"\n";
			showEnvVarsInLog = 0;
		};
		B3902DFAEE368CA76F1A5C38 /* [CP] Embed Pods Frameworks */ = {
			isa = PBXShellScriptBuildPhase;
			buildActionMask = 2147483647;
			files = (
			);
			inputPaths = (
				"${PODS_ROOT}/Target Support Files/Pods-hcl/Pods-hcl-frameworks.sh",
				"${BUILT_PRODUCTS_DIR}/DoubleConversion/DoubleConversion.framework",
				"${BUILT_PRODUCTS_DIR}/FBReactNativeSpec/FBReactNativeSpec.framework",
				"${BUILT_PRODUCTS_DIR}/Folly/folly.framework",
				"${BUILT_PRODUCTS_DIR}/RCTTypeSafety/RCTTypeSafety.framework",
				"${BUILT_PRODUCTS_DIR}/RNCAsyncStorage/RNCAsyncStorage.framework",
				"${BUILT_PRODUCTS_DIR}/RNCMaskedView/RNCMaskedView.framework",
				"${BUILT_PRODUCTS_DIR}/RNGestureHandler/RNGestureHandler.framework",
				"${BUILT_PRODUCTS_DIR}/RNReanimated/RNReanimated.framework",
				"${BUILT_PRODUCTS_DIR}/RNScreens/RNScreens.framework",
				"${BUILT_PRODUCTS_DIR}/RNVectorIcons/RNVectorIcons.framework",
				"${BUILT_PRODUCTS_DIR}/React-Core/React.framework",
				"${BUILT_PRODUCTS_DIR}/React-CoreModules/CoreModules.framework",
				"${BUILT_PRODUCTS_DIR}/React-RCTActionSheet/RCTActionSheet.framework",
				"${BUILT_PRODUCTS_DIR}/React-RCTAnimation/RCTAnimation.framework",
				"${BUILT_PRODUCTS_DIR}/React-RCTBlob/RCTBlob.framework",
				"${BUILT_PRODUCTS_DIR}/React-RCTImage/RCTImage.framework",
				"${BUILT_PRODUCTS_DIR}/React-RCTLinking/RCTLinking.framework",
				"${BUILT_PRODUCTS_DIR}/React-RCTNetwork/RCTNetwork.framework",
				"${BUILT_PRODUCTS_DIR}/React-RCTSettings/RCTSettings.framework",
				"${BUILT_PRODUCTS_DIR}/React-RCTText/RCTText.framework",
				"${BUILT_PRODUCTS_DIR}/React-RCTVibration/RCTVibration.framework",
				"${BUILT_PRODUCTS_DIR}/React-cxxreact/cxxreact.framework",
				"${BUILT_PRODUCTS_DIR}/React-jsi/jsi.framework",
				"${BUILT_PRODUCTS_DIR}/React-jsiexecutor/jsireact.framework",
				"${BUILT_PRODUCTS_DIR}/React-jsinspector/jsinspector.framework",
				"${BUILT_PRODUCTS_DIR}/ReactCommon/ReactCommon.framework",
				"${BUILT_PRODUCTS_DIR}/Yoga/yoga.framework",
				"${BUILT_PRODUCTS_DIR}/glog/glog.framework",
				"${BUILT_PRODUCTS_DIR}/lottie-ios/Lottie.framework",
				"${BUILT_PRODUCTS_DIR}/lottie-react-native/lottie_react_native.framework",
				"${BUILT_PRODUCTS_DIR}/react-native-image-picker/react_native_image_picker.framework",
				"${BUILT_PRODUCTS_DIR}/react-native-image-resizer/react_native_image_resizer.framework",
				"${BUILT_PRODUCTS_DIR}/react-native-safe-area-context/react_native_safe_area_context.framework",
				"${BUILT_PRODUCTS_DIR}/rn-fetch-blob/rn_fetch_blob.framework",
			);
			name = "[CP] Embed Pods Frameworks";
			outputPaths = (
				"${TARGET_BUILD_DIR}/${FRAMEWORKS_FOLDER_PATH}/DoubleConversion.framework",
				"${TARGET_BUILD_DIR}/${FRAMEWORKS_FOLDER_PATH}/FBReactNativeSpec.framework",
				"${TARGET_BUILD_DIR}/${FRAMEWORKS_FOLDER_PATH}/folly.framework",
				"${TARGET_BUILD_DIR}/${FRAMEWORKS_FOLDER_PATH}/RCTTypeSafety.framework",
				"${TARGET_BUILD_DIR}/${FRAMEWORKS_FOLDER_PATH}/RNCAsyncStorage.framework",
				"${TARGET_BUILD_DIR}/${FRAMEWORKS_FOLDER_PATH}/RNCMaskedView.framework",
				"${TARGET_BUILD_DIR}/${FRAMEWORKS_FOLDER_PATH}/RNGestureHandler.framework",
				"${TARGET_BUILD_DIR}/${FRAMEWORKS_FOLDER_PATH}/RNReanimated.framework",
				"${TARGET_BUILD_DIR}/${FRAMEWORKS_FOLDER_PATH}/RNScreens.framework",
				"${TARGET_BUILD_DIR}/${FRAMEWORKS_FOLDER_PATH}/RNVectorIcons.framework",
				"${TARGET_BUILD_DIR}/${FRAMEWORKS_FOLDER_PATH}/React.framework",
				"${TARGET_BUILD_DIR}/${FRAMEWORKS_FOLDER_PATH}/CoreModules.framework",
				"${TARGET_BUILD_DIR}/${FRAMEWORKS_FOLDER_PATH}/RCTActionSheet.framework",
				"${TARGET_BUILD_DIR}/${FRAMEWORKS_FOLDER_PATH}/RCTAnimation.framework",
				"${TARGET_BUILD_DIR}/${FRAMEWORKS_FOLDER_PATH}/RCTBlob.framework",
				"${TARGET_BUILD_DIR}/${FRAMEWORKS_FOLDER_PATH}/RCTImage.framework",
				"${TARGET_BUILD_DIR}/${FRAMEWORKS_FOLDER_PATH}/RCTLinking.framework",
				"${TARGET_BUILD_DIR}/${FRAMEWORKS_FOLDER_PATH}/RCTNetwork.framework",
				"${TARGET_BUILD_DIR}/${FRAMEWORKS_FOLDER_PATH}/RCTSettings.framework",
				"${TARGET_BUILD_DIR}/${FRAMEWORKS_FOLDER_PATH}/RCTText.framework",
				"${TARGET_BUILD_DIR}/${FRAMEWORKS_FOLDER_PATH}/RCTVibration.framework",
				"${TARGET_BUILD_DIR}/${FRAMEWORKS_FOLDER_PATH}/cxxreact.framework",
				"${TARGET_BUILD_DIR}/${FRAMEWORKS_FOLDER_PATH}/jsi.framework",
				"${TARGET_BUILD_DIR}/${FRAMEWORKS_FOLDER_PATH}/jsireact.framework",
				"${TARGET_BUILD_DIR}/${FRAMEWORKS_FOLDER_PATH}/jsinspector.framework",
				"${TARGET_BUILD_DIR}/${FRAMEWORKS_FOLDER_PATH}/ReactCommon.framework",
				"${TARGET_BUILD_DIR}/${FRAMEWORKS_FOLDER_PATH}/yoga.framework",
				"${TARGET_BUILD_DIR}/${FRAMEWORKS_FOLDER_PATH}/glog.framework",
				"${TARGET_BUILD_DIR}/${FRAMEWORKS_FOLDER_PATH}/Lottie.framework",
				"${TARGET_BUILD_DIR}/${FRAMEWORKS_FOLDER_PATH}/lottie_react_native.framework",
				"${TARGET_BUILD_DIR}/${FRAMEWORKS_FOLDER_PATH}/react_native_image_picker.framework",
				"${TARGET_BUILD_DIR}/${FRAMEWORKS_FOLDER_PATH}/react_native_image_resizer.framework",
				"${TARGET_BUILD_DIR}/${FRAMEWORKS_FOLDER_PATH}/react_native_safe_area_context.framework",
				"${TARGET_BUILD_DIR}/${FRAMEWORKS_FOLDER_PATH}/rn_fetch_blob.framework",
			);
			runOnlyForDeploymentPostprocessing = 0;
			shellPath = /bin/sh;
			shellScript = "\"${PODS_ROOT}/Target Support Files/Pods-hcl/Pods-hcl-frameworks.sh\"\n";
			showEnvVarsInLog = 0;
		};
		FD10A7F022414F080027D42C /* Start Packager */ = {
			isa = PBXShellScriptBuildPhase;
			buildActionMask = 2147483647;
			files = (
			);
			inputFileListPaths = (
			);
			inputPaths = (
			);
			name = "Start Packager";
			outputFileListPaths = (
			);
			outputPaths = (
			);
			runOnlyForDeploymentPostprocessing = 0;
			shellPath = /bin/sh;
			shellScript = "export RCT_METRO_PORT=\"${RCT_METRO_PORT:=8081}\"\necho \"export RCT_METRO_PORT=${RCT_METRO_PORT}\" > \"${SRCROOT}/../node_modules/react-native/scripts/.packager.env\"\nif [ -z \"${RCT_NO_LAUNCH_PACKAGER+xxx}\" ] ; then\n  if nc -w 5 -z localhost ${RCT_METRO_PORT} ; then\n    if ! curl -s \"http://localhost:${RCT_METRO_PORT}/status\" | grep -q \"packager-status:running\" ; then\n      echo \"Port ${RCT_METRO_PORT} already in use, packager is either not running or not running correctly\"\n      exit 2\n    fi\n  else\n    open \"$SRCROOT/../node_modules/react-native/scripts/launchPackager.command\" || echo \"Can't start packager automatically\"\n  fi\nfi\n";
			showEnvVarsInLog = 0;
		};
/* End PBXShellScriptBuildPhase section */

/* Begin PBXSourcesBuildPhase section */
		13B07F871A680F5B00A75B9A /* Sources */ = {
			isa = PBXSourcesBuildPhase;
			buildActionMask = 2147483647;
			files = (
				13B07FBC1A68108700A75B9A /* AppDelegate.m in Sources */,
				13B07FC11A68108700A75B9A /* main.m in Sources */,
			);
			runOnlyForDeploymentPostprocessing = 0;
		};
/* End PBXSourcesBuildPhase section */

/* Begin PBXVariantGroup section */
		13B07FB11A68108700A75B9A /* LaunchScreen.xib */ = {
			isa = PBXVariantGroup;
			children = (
				13B07FB21A68108700A75B9A /* Base */,
			);
			name = LaunchScreen.xib;
			path = hclAPP;
			sourceTree = "<group>";
		};
/* End PBXVariantGroup section */

/* Begin XCBuildConfiguration section */
		13B07F941A680F5B00A75B9A /* Debug */ = {
			isa = XCBuildConfiguration;
			baseConfigurationReference = 8777B52C5CFC0A826556183E /* Pods-hcl.debug.xcconfig */;
			buildSettings = {
				ASSETCATALOG_COMPILER_APPICON_NAME = AppIcon;
				CODE_SIGN_ENTITLEMENTS = HCL.entitlements;
				CURRENT_PROJECT_VERSION = 17;
				DEAD_CODE_STRIPPING = NO;
				DEVELOPMENT_TEAM = X6KGXTF6DB;
				INFOPLIST_FILE = hclAPP/Info.plist;
				LD_RUNPATH_SEARCH_PATHS = "$(inherited) @executable_path/Frameworks";
				MARKETING_VERSION = 6.2;
				OTHER_LDFLAGS = (
					"$(inherited)",
					"-ObjC",
					"-lc++",
				);
				PRODUCT_BUNDLE_IDENTIFIER = br.com.msbtec.hclweb;
				PRODUCT_NAME = HCL;
				VERSIONING_SYSTEM = "apple-generic";
			};
			name = Debug;
		};
		13B07F951A680F5B00A75B9A /* Release */ = {
			isa = XCBuildConfiguration;
			baseConfigurationReference = 4CB4054B546F0A400C2277C8 /* Pods-hcl.release.xcconfig */;
			buildSettings = {
				ASSETCATALOG_COMPILER_APPICON_NAME = AppIcon;
				CODE_SIGN_ENTITLEMENTS = HCL.entitlements;
				CURRENT_PROJECT_VERSION = 17;
				DEVELOPMENT_TEAM = X6KGXTF6DB;
				INFOPLIST_FILE = hclAPP/Info.plist;
				LD_RUNPATH_SEARCH_PATHS = "$(inherited) @executable_path/Frameworks";
				MARKETING_VERSION = 6.2;
				OTHER_LDFLAGS = (
					"$(inherited)",
					"-ObjC",
					"-lc++",
				);
				PRODUCT_BUNDLE_IDENTIFIER = br.com.msbtec.hclweb;
				PRODUCT_NAME = HCL;
				VERSIONING_SYSTEM = "apple-generic";
			};
			name = Release;
		};
		83CBBA201A601CBA00E9B192 /* Debug */ = {
			isa = XCBuildConfiguration;
			buildSettings = {
				ALWAYS_SEARCH_USER_PATHS = NO;
				CLANG_ANALYZER_LOCALIZABILITY_NONLOCALIZED = YES;
				CLANG_CXX_LANGUAGE_STANDARD = "gnu++0x";
				CLANG_CXX_LIBRARY = "libc++";
				CLANG_ENABLE_MODULES = YES;
				CLANG_ENABLE_OBJC_ARC = YES;
				CLANG_WARN_BLOCK_CAPTURE_AUTORELEASING = YES;
				CLANG_WARN_BOOL_CONVERSION = YES;
				CLANG_WARN_COMMA = YES;
				CLANG_WARN_CONSTANT_CONVERSION = YES;
				CLANG_WARN_DEPRECATED_OBJC_IMPLEMENTATIONS = YES;
				CLANG_WARN_DIRECT_OBJC_ISA_USAGE = YES_ERROR;
				CLANG_WARN_EMPTY_BODY = YES;
				CLANG_WARN_ENUM_CONVERSION = YES;
				CLANG_WARN_INFINITE_RECURSION = YES;
				CLANG_WARN_INT_CONVERSION = YES;
				CLANG_WARN_NON_LITERAL_NULL_CONVERSION = YES;
				CLANG_WARN_OBJC_IMPLICIT_RETAIN_SELF = YES;
				CLANG_WARN_OBJC_LITERAL_CONVERSION = YES;
				CLANG_WARN_OBJC_ROOT_CLASS = YES_ERROR;
				CLANG_WARN_RANGE_LOOP_ANALYSIS = YES;
				CLANG_WARN_STRICT_PROTOTYPES = YES;
				CLANG_WARN_SUSPICIOUS_MOVE = YES;
				CLANG_WARN_UNREACHABLE_CODE = YES;
				CLANG_WARN__DUPLICATE_METHOD_MATCH = YES;
				"CODE_SIGN_IDENTITY[sdk=iphoneos*]" = "iPhone Developer";
				COPY_PHASE_STRIP = NO;
				ENABLE_STRICT_OBJC_MSGSEND = YES;
				ENABLE_TESTABILITY = YES;
				GCC_C_LANGUAGE_STANDARD = gnu99;
				GCC_DYNAMIC_NO_PIC = NO;
				GCC_NO_COMMON_BLOCKS = YES;
				GCC_OPTIMIZATION_LEVEL = 0;
				GCC_PREPROCESSOR_DEFINITIONS = (
					"DEBUG=1",
					"$(inherited)",
				);
				GCC_SYMBOLS_PRIVATE_EXTERN = NO;
				GCC_WARN_64_TO_32_BIT_CONVERSION = YES;
				GCC_WARN_ABOUT_RETURN_TYPE = YES_ERROR;
				GCC_WARN_UNDECLARED_SELECTOR = YES;
				GCC_WARN_UNINITIALIZED_AUTOS = YES_AGGRESSIVE;
				GCC_WARN_UNUSED_FUNCTION = YES;
				GCC_WARN_UNUSED_VARIABLE = YES;
				IPHONEOS_DEPLOYMENT_TARGET = 9.0;
				MTL_ENABLE_DEBUG_INFO = YES;
				ONLY_ACTIVE_ARCH = YES;
				SDKROOT = iphoneos;
			};
			name = Debug;
		};
		83CBBA211A601CBA00E9B192 /* Release */ = {
			isa = XCBuildConfiguration;
			buildSettings = {
				ALWAYS_SEARCH_USER_PATHS = NO;
				CLANG_ANALYZER_LOCALIZABILITY_NONLOCALIZED = YES;
				CLANG_CXX_LANGUAGE_STANDARD = "gnu++0x";
				CLANG_CXX_LIBRARY = "libc++";
				CLANG_ENABLE_MODULES = YES;
				CLANG_ENABLE_OBJC_ARC = YES;
				CLANG_WARN_BLOCK_CAPTURE_AUTORELEASING = YES;
				CLANG_WARN_BOOL_CONVERSION = YES;
				CLANG_WARN_COMMA = YES;
				CLANG_WARN_CONSTANT_CONVERSION = YES;
				CLANG_WARN_DEPRECATED_OBJC_IMPLEMENTATIONS = YES;
				CLANG_WARN_DIRECT_OBJC_ISA_USAGE = YES_ERROR;
				CLANG_WARN_EMPTY_BODY = YES;
				CLANG_WARN_ENUM_CONVERSION = YES;
				CLANG_WARN_INFINITE_RECURSION = YES;
				CLANG_WARN_INT_CONVERSION = YES;
				CLANG_WARN_NON_LITERAL_NULL_CONVERSION = YES;
				CLANG_WARN_OBJC_IMPLICIT_RETAIN_SELF = YES;
				CLANG_WARN_OBJC_LITERAL_CONVERSION = YES;
				CLANG_WARN_OBJC_ROOT_CLASS = YES_ERROR;
				CLANG_WARN_RANGE_LOOP_ANALYSIS = YES;
				CLANG_WARN_STRICT_PROTOTYPES = YES;
				CLANG_WARN_SUSPICIOUS_MOVE = YES;
				CLANG_WARN_UNREACHABLE_CODE = YES;
				CLANG_WARN__DUPLICATE_METHOD_MATCH = YES;
				"CODE_SIGN_IDENTITY[sdk=iphoneos*]" = "iPhone Developer";
				COPY_PHASE_STRIP = YES;
				ENABLE_NS_ASSERTIONS = NO;
				ENABLE_STRICT_OBJC_MSGSEND = YES;
				GCC_C_LANGUAGE_STANDARD = gnu99;
				GCC_NO_COMMON_BLOCKS = YES;
				GCC_WARN_64_TO_32_BIT_CONVERSION = YES;
				GCC_WARN_ABOUT_RETURN_TYPE = YES_ERROR;
				GCC_WARN_UNDECLARED_SELECTOR = YES;
				GCC_WARN_UNINITIALIZED_AUTOS = YES_AGGRESSIVE;
				GCC_WARN_UNUSED_FUNCTION = YES;
				GCC_WARN_UNUSED_VARIABLE = YES;
				IPHONEOS_DEPLOYMENT_TARGET = 9.0;
				MTL_ENABLE_DEBUG_INFO = NO;
				SDKROOT = iphoneos;
				VALIDATE_PRODUCT = YES;
			};
			name = Release;
		};
/* End XCBuildConfiguration section */

/* Begin XCConfigurationList section */
		13B07F931A680F5B00A75B9A /* Build configuration list for PBXNativeTarget "hcl" */ = {
			isa = XCConfigurationList;
			buildConfigurations = (
				13B07F941A680F5B00A75B9A /* Debug */,
				13B07F951A680F5B00A75B9A /* Release */,
			);
			defaultConfigurationIsVisible = 0;
			defaultConfigurationName = Release;
		};
		83CBB9FA1A601CBA00E9B192 /* Build configuration list for PBXProject "hcl" */ = {
			isa = XCConfigurationList;
			buildConfigurations = (
				83CBBA201A601CBA00E9B192 /* Debug */,
				83CBBA211A601CBA00E9B192 /* Release */,
			);
			defaultConfigurationIsVisible = 0;
			defaultConfigurationName = Release;
		};
/* End XCConfigurationList section */
	};
	rootObject = 83CBB9F71A601CBA00E9B192 /* Project object */;
}
